
Microsoft Visual Studio Solution File, Format Version 12.00
# Visual Studio Version 16
VisualStudioVersion = 16.0.29905.134
MinimumVisualStudioVersion = 10.0.40219.1
Project("{9A19103F-16F7-4668-BE54-9A1E7A4F7556}") = "LongExtensions", "Extensions\LongExtensions.csproj", "{75D3202E-0D45-41D7-AC8A-A0B5835B09EB}"
EndProject
Project("{FAE04EC0-301F-11D3-BF4B-00C04F79EFBC}") = "LongExtensionsTests", "LongExtensionsTests\LongExtensionsTests.csproj", "{F9C2CAA0-5964-4295-B30F-E47AA18CAE08}"
EndProject
Project("{FAE04EC0-301F-11D3-BF4B-00C04F79EFBC}") = "StopwatchExtensions", "StopwatchExtensions\StopwatchExtensions.csproj", "{0374A4BF-E177-490B-81C5-DC415BFF133C}"
EndProject
Global
	GlobalSection(SolutionConfigurationPlatforms) = preSolution
		Debug|Any CPU = Debug|Any CPU
		Release|Any CPU = Release|Any CPU
	EndGlobalSection
	GlobalSection(ProjectConfigurationPlatforms) = postSolution
		{75D3202E-0D45-41D7-AC8A-A0B5835B09EB}.Debug|Any CPU.ActiveCfg = Debug|Any CPU
		{75D3202E-0D45-41D7-AC8A-A0B5835B09EB}.Debug|Any CPU.Build.0 = Debug|Any CPU
		{75D3202E-0D45-41D7-AC8A-A0B5835B09EB}.Release|Any CPU.ActiveCfg = Release|Any CPU
		{75D3202E-0D45-41D7-AC8A-A0B5835B09EB}.Release|Any CPU.Build.0 = Release|Any CPU
		{F9C2CAA0-5964-4295-B30F-E47AA18CAE08}.Debug|Any CPU.ActiveCfg = Debug|Any CPU
		{F9C2CAA0-5964-4295-B30F-E47AA18CAE08}.Debug|Any CPU.Build.0 = Debug|Any CPU
		{F9C2CAA0-5964-4295-B30F-E47AA18CAE08}.Release|Any CPU.ActiveCfg = Release|Any CPU
		{F9C2CAA0-5964-4295-B30F-E47AA18CAE08}.Release|Any CPU.Build.0 = Release|Any CPU
		{0374A4BF-E177-490B-81C5-DC415BFF133C}.Debug|Any CPU.ActiveCfg = Debug|Any CPU
		{0374A4BF-E177-490B-81C5-DC415BFF133C}.Debug|Any CPU.Build.0 = Debug|Any CPU
		{0374A4BF-E177-490B-81C5-DC415BFF133C}.Release|Any CPU.ActiveCfg = Release|Any CPU
		{0374A4BF-E177-490B-81C5-DC415BFF133C}.Release|Any CPU.Build.0 = Release|Any CPU
	EndGlobalSection
	GlobalSection(SolutionProperties) = preSolution
		HideSolutionNode = FALSE
	EndGlobalSection
	GlobalSection(ExtensibilityGlobals) = postSolution
		SolutionGuid = {4464BB75-C5E3-4382-94D0-854BC694B93D}
	EndGlobalSection
EndGlobal
